// !$*UTF8*$!
{
	archiveVersion = 1;
	classes = {
	};
	objectVersion = 46;
	objects = {

/* Begin PBXBuildFile section */
		DB1F20D61CF55F670000BE5E /* AppDelegate.swift in Sources */ = {isa = PBXBuildFile; fileRef = DB1F20D51CF55F670000BE5E /* AppDelegate.swift */; };
		DB1F20D81CF55F670000BE5E /* ViewController.swift in Sources */ = {isa = PBXBuildFile; fileRef = DB1F20D71CF55F670000BE5E /* ViewController.swift */; };
		DB1F20DB1CF55F670000BE5E /* Main.storyboard in Resources */ = {isa = PBXBuildFile; fileRef = DB1F20D91CF55F670000BE5E /* Main.storyboard */; };
		DB1F20DD1CF55F670000BE5E /* Assets.xcassets in Resources */ = {isa = PBXBuildFile; fileRef = DB1F20DC1CF55F670000BE5E /* Assets.xcassets */; };
		DB1F20E01CF55F670000BE5E /* LaunchScreen.storyboard in Resources */ = {isa = PBXBuildFile; fileRef = DB1F20DE1CF55F670000BE5E /* LaunchScreen.storyboard */; };
		DB1F20EB1CF55F670000BE5E /* LoginTemplateTests.swift in Sources */ = {isa = PBXBuildFile; fileRef = DB1F20EA1CF55F670000BE5E /* LoginTemplateTests.swift */; };
		DB1F20F61CF55F670000BE5E /* LoginTemplateUITests.swift in Sources */ = {isa = PBXBuildFile; fileRef = DB1F20F51CF55F670000BE5E /* LoginTemplateUITests.swift */; };
		DB4612D61D19371400A0CAAA /* KeyboardHandler.swift in Sources */ = {isa = PBXBuildFile; fileRef = DB4612D51D19371400A0CAAA /* KeyboardHandler.swift */; };
		F0A30D3D5BD11011593DFBC9 /* Pods_LoginTemplate.framework in Frameworks */ = {isa = PBXBuildFile; fileRef = EB70501BC88FF28A88731698 /* Pods_LoginTemplate.framework */; };
/* End PBXBuildFile section */

/* Begin PBXContainerItemProxy section */
		DB1F20E71CF55F670000BE5E /* PBXContainerItemProxy */ = {
			isa = PBXContainerItemProxy;
			containerPortal = DB1F20CA1CF55F670000BE5E /* Project object */;
			proxyType = 1;
			remoteGlobalIDString = DB1F20D11CF55F670000BE5E;
			remoteInfo = LoginTemplate;
		};
		DB1F20F21CF55F670000BE5E /* PBXContainerItemProxy */ = {
			isa = PBXContainerItemProxy;
			containerPortal = DB1F20CA1CF55F670000BE5E /* Project object */;
			proxyType = 1;
			remoteGlobalIDString = DB1F20D11CF55F670000BE5E;
			remoteInfo = LoginTemplate;
		};
/* End PBXContainerItemProxy section */

/* Begin PBXFileReference section */
		45D3597C7ADFF43D3BAC6CB7 /* Pods-LoginTemplate.release.xcconfig */ = {isa = PBXFileReference; includeInIndex = 1; lastKnownFileType = text.xcconfig; name = "Pods-LoginTemplate.release.xcconfig"; path = "Pods/Target Support Files/Pods-LoginTemplate/Pods-LoginTemplate.release.xcconfig"; sourceTree = "<group>"; };
		A83ED739B90973DC19E1BDA0 /* Pods-LoginTemplate.debug.xcconfig */ = {isa = PBXFileReference; includeInIndex = 1; lastKnownFileType = text.xcconfig; name = "Pods-LoginTemplate.debug.xcconfig"; path = "Pods/Target Support Files/Pods-LoginTemplate/Pods-LoginTemplate.debug.xcconfig"; sourceTree = "<group>"; };
		DB1F20D21CF55F670000BE5E /* LoginTemplate.app */ = {isa = PBXFileReference; explicitFileType = wrapper.application; includeInIndex = 0; path = LoginTemplate.app; sourceTree = BUILT_PRODUCTS_DIR; };
		DB1F20D51CF55F670000BE5E /* AppDelegate.swift */ = {isa = PBXFileReference; lastKnownFileType = sourcecode.swift; path = AppDelegate.swift; sourceTree = "<group>"; };
		DB1F20D71CF55F670000BE5E /* ViewController.swift */ = {isa = PBXFileReference; lastKnownFileType = sourcecode.swift; path = ViewController.swift; sourceTree = "<group>"; };
		DB1F20DA1CF55F670000BE5E /* Base */ = {isa = PBXFileReference; lastKnownFileType = file.storyboard; name = Base; path = Base.lproj/Main.storyboard; sourceTree = "<group>"; };
		DB1F20DC1CF55F670000BE5E /* Assets.xcassets */ = {isa = PBXFileReference; lastKnownFileType = folder.assetcatalog; path = Assets.xcassets; sourceTree = "<group>"; };
		DB1F20DF1CF55F670000BE5E /* Base */ = {isa = PBXFileReference; lastKnownFileType = file.storyboard; name = Base; path = Base.lproj/LaunchScreen.storyboard; sourceTree = "<group>"; };
		DB1F20E11CF55F670000BE5E /* Info.plist */ = {isa = PBXFileReference; lastKnownFileType = text.plist.xml; path = Info.plist; sourceTree = "<group>"; };
		DB1F20E61CF55F670000BE5E /* LoginTemplateTests.xctest */ = {isa = PBXFileReference; explicitFileType = wrapper.cfbundle; includeInIndex = 0; path = LoginTemplateTests.xctest; sourceTree = BUILT_PRODUCTS_DIR; };
		DB1F20EA1CF55F670000BE5E /* LoginTemplateTests.swift */ = {isa = PBXFileReference; lastKnownFileType = sourcecode.swift; path = LoginTemplateTests.swift; sourceTree = "<group>"; };
		DB1F20EC1CF55F670000BE5E /* Info.plist */ = {isa = PBXFileReference; lastKnownFileType = text.plist.xml; path = Info.plist; sourceTree = "<group>"; };
		DB1F20F11CF55F670000BE5E /* LoginTemplateUITests.xctest */ = {isa = PBXFileReference; explicitFileType = wrapper.cfbundle; includeInIndex = 0; path = LoginTemplateUITests.xctest; sourceTree = BUILT_PRODUCTS_DIR; };
		DB1F20F51CF55F670000BE5E /* LoginTemplateUITests.swift */ = {isa = PBXFileReference; lastKnownFileType = sourcecode.swift; path = LoginTemplateUITests.swift; sourceTree = "<group>"; };
		DB1F20F71CF55F670000BE5E /* Info.plist */ = {isa = PBXFileReference; lastKnownFileType = text.plist.xml; path = Info.plist; sourceTree = "<group>"; };
		DB4612D51D19371400A0CAAA /* KeyboardHandler.swift */ = {isa = PBXFileReference; fileEncoding = 4; lastKnownFileType = sourcecode.swift; path = KeyboardHandler.swift; sourceTree = "<group>"; };
		EB70501BC88FF28A88731698 /* Pods_LoginTemplate.framework */ = {isa = PBXFileReference; explicitFileType = wrapper.framework; includeInIndex = 0; path = Pods_LoginTemplate.framework; sourceTree = BUILT_PRODUCTS_DIR; };
/* End PBXFileReference section */

/* Begin PBXFrameworksBuildPhase section */
		DB1F20CF1CF55F670000BE5E /* Frameworks */ = {
			isa = PBXFrameworksBuildPhase;
			buildActionMask = 2147483647;
			files = (
				F0A30D3D5BD11011593DFBC9 /* Pods_LoginTemplate.framework in Frameworks */,
			);
			runOnlyForDeploymentPostprocessing = 0;
		};
		DB1F20E31CF55F670000BE5E /* Frameworks */ = {
			isa = PBXFrameworksBuildPhase;
			buildActionMask = 2147483647;
			files = (
			);
			runOnlyForDeploymentPostprocessing = 0;
		};
		DB1F20EE1CF55F670000BE5E /* Frameworks */ = {
			isa = PBXFrameworksBuildPhase;
			buildActionMask = 2147483647;
			files = (
			);
			runOnlyForDeploymentPostprocessing = 0;
		};
/* End PBXFrameworksBuildPhase section */

/* Begin PBXGroup section */
		9353DDC543671E73800F7210 /* Pods */ = {
			isa = PBXGroup;
			children = (
				A83ED739B90973DC19E1BDA0 /* Pods-LoginTemplate.debug.xcconfig */,
				45D3597C7ADFF43D3BAC6CB7 /* Pods-LoginTemplate.release.xcconfig */,
			);
			name = Pods;
			sourceTree = "<group>";
		};
		DB1F20C91CF55F670000BE5E = {
			isa = PBXGroup;
			children = (
				DB1F20D41CF55F670000BE5E /* LoginTemplate */,
				DB1F20E91CF55F670000BE5E /* LoginTemplateTests */,
				DB1F20F41CF55F670000BE5E /* LoginTemplateUITests */,
				DB1F20D31CF55F670000BE5E /* Products */,
				9353DDC543671E73800F7210 /* Pods */,
				E192D63A55F9886840E189BD /* Frameworks */,
			);
			sourceTree = "<group>";
		};
		DB1F20D31CF55F670000BE5E /* Products */ = {
			isa = PBXGroup;
			children = (
				DB1F20D21CF55F670000BE5E /* LoginTemplate.app */,
				DB1F20E61CF55F670000BE5E /* LoginTemplateTests.xctest */,
				DB1F20F11CF55F670000BE5E /* LoginTemplateUITests.xctest */,
			);
			name = Products;
			sourceTree = "<group>";
		};
		DB1F20D41CF55F670000BE5E /* LoginTemplate */ = {
			isa = PBXGroup;
			children = (
				DB4612D41D19371400A0CAAA /* Reusable */,
				DB1F20D51CF55F670000BE5E /* AppDelegate.swift */,
				DB1F20D71CF55F670000BE5E /* ViewController.swift */,
				DB1F20D91CF55F670000BE5E /* Main.storyboard */,
				DB1F20DC1CF55F670000BE5E /* Assets.xcassets */,
				DB1F20DE1CF55F670000BE5E /* LaunchScreen.storyboard */,
				DB1F20E11CF55F670000BE5E /* Info.plist */,
			);
			path = LoginTemplate;
			sourceTree = "<group>";
		};
		DB1F20E91CF55F670000BE5E /* LoginTemplateTests */ = {
			isa = PBXGroup;
			children = (
				DB1F20EA1CF55F670000BE5E /* LoginTemplateTests.swift */,
				DB1F20EC1CF55F670000BE5E /* Info.plist */,
			);
			path = LoginTemplateTests;
			sourceTree = "<group>";
		};
		DB1F20F41CF55F670000BE5E /* LoginTemplateUITests */ = {
			isa = PBXGroup;
			children = (
				DB1F20F51CF55F670000BE5E /* LoginTemplateUITests.swift */,
				DB1F20F71CF55F670000BE5E /* Info.plist */,
			);
			path = LoginTemplateUITests;
			sourceTree = "<group>";
		};
		DB4612D41D19371400A0CAAA /* Reusable */ = {
			isa = PBXGroup;
			children = (
				DB4612D51D19371400A0CAAA /* KeyboardHandler.swift */,
			);
			name = Reusable;
			path = ../../Reusable;
			sourceTree = "<group>";
		};
		E192D63A55F9886840E189BD /* Frameworks */ = {
			isa = PBXGroup;
			children = (
				EB70501BC88FF28A88731698 /* Pods_LoginTemplate.framework */,
			);
			name = Frameworks;
			sourceTree = "<group>";
		};
/* End PBXGroup section */

/* Begin PBXNativeTarget section */
		DB1F20D11CF55F670000BE5E /* LoginTemplate */ = {
			isa = PBXNativeTarget;
			buildConfigurationList = DB1F20FA1CF55F670000BE5E /* Build configuration list for PBXNativeTarget "LoginTemplate" */;
			buildPhases = (
				92928B37BDE419F77840E0E9 /* Check Pods Manifest.lock */,
				DB1F20CE1CF55F670000BE5E /* Sources */,
				DB1F20CF1CF55F670000BE5E /* Frameworks */,
				DB1F20D01CF55F670000BE5E /* Resources */,
				42B4BE61D8415740A056440D /* Embed Pods Frameworks */,
				B0B0CE2545A4869876230A32 /* Copy Pods Resources */,
			);
			buildRules = (
			);
			dependencies = (
			);
			name = LoginTemplate;
			productName = LoginTemplate;
			productReference = DB1F20D21CF55F670000BE5E /* LoginTemplate.app */;
			productType = "com.apple.product-type.application";
		};
		DB1F20E51CF55F670000BE5E /* LoginTemplateTests */ = {
			isa = PBXNativeTarget;
			buildConfigurationList = DB1F20FD1CF55F670000BE5E /* Build configuration list for PBXNativeTarget "LoginTemplateTests" */;
			buildPhases = (
				DB1F20E21CF55F670000BE5E /* Sources */,
				DB1F20E31CF55F670000BE5E /* Frameworks */,
				DB1F20E41CF55F670000BE5E /* Resources */,
			);
			buildRules = (
			);
			dependencies = (
				DB1F20E81CF55F670000BE5E /* PBXTargetDependency */,
			);
			name = LoginTemplateTests;
			productName = LoginTemplateTests;
			productReference = DB1F20E61CF55F670000BE5E /* LoginTemplateTests.xctest */;
			productType = "com.apple.product-type.bundle.unit-test";
		};
		DB1F20F01CF55F670000BE5E /* LoginTemplateUITests */ = {
			isa = PBXNativeTarget;
			buildConfigurationList = DB1F21001CF55F670000BE5E /* Build configuration list for PBXNativeTarget "LoginTemplateUITests" */;
			buildPhases = (
				DB1F20ED1CF55F670000BE5E /* Sources */,
				DB1F20EE1CF55F670000BE5E /* Frameworks */,
				DB1F20EF1CF55F670000BE5E /* Resources */,
			);
			buildRules = (
			);
			dependencies = (
				DB1F20F31CF55F670000BE5E /* PBXTargetDependency */,
			);
			name = LoginTemplateUITests;
			productName = LoginTemplateUITests;
			productReference = DB1F20F11CF55F670000BE5E /* LoginTemplateUITests.xctest */;
			productType = "com.apple.product-type.bundle.ui-testing";
		};
/* End PBXNativeTarget section */

/* Begin PBXProject section */
		DB1F20CA1CF55F670000BE5E /* Project object */ = {
			isa = PBXProject;
			attributes = {
				LastSwiftUpdateCheck = 0730;
				LastUpgradeCheck = 0730;
				ORGANIZATIONNAME = Above;
				TargetAttributes = {
					DB1F20D11CF55F670000BE5E = {
						CreatedOnToolsVersion = 7.3.1;
					};
					DB1F20E51CF55F670000BE5E = {
						CreatedOnToolsVersion = 7.3.1;
						TestTargetID = DB1F20D11CF55F670000BE5E;
					};
					DB1F20F01CF55F670000BE5E = {
						CreatedOnToolsVersion = 7.3.1;
						TestTargetID = DB1F20D11CF55F670000BE5E;
					};
				};
			};
			buildConfigurationList = DB1F20CD1CF55F670000BE5E /* Build configuration list for PBXProject "LoginTemplate" */;
			compatibilityVersion = "Xcode 3.2";
			developmentRegion = English;
			hasScannedForEncodings = 0;
			knownRegions = (
				en,
				Base,
			);
			mainGroup = DB1F20C91CF55F670000BE5E;
			productRefGroup = DB1F20D31CF55F670000BE5E /* Products */;
			projectDirPath = "";
			projectRoot = "";
			targets = (
				DB1F20D11CF55F670000BE5E /* LoginTemplate */,
				DB1F20E51CF55F670000BE5E /* LoginTemplateTests */,
				DB1F20F01CF55F670000BE5E /* LoginTemplateUITests */,
			);
		};
/* End PBXProject section */

/* Begin PBXResourcesBuildPhase section */
		DB1F20D01CF55F670000BE5E /* Resources */ = {
			isa = PBXResourcesBuildPhase;
			buildActionMask = 2147483647;
			files = (
				DB1F20E01CF55F670000BE5E /* LaunchScreen.storyboard in Resources */,
				DB1F20DD1CF55F670000BE5E /* Assets.xcassets in Resources */,
				DB1F20DB1CF55F670000BE5E /* Main.storyboard in Resources */,
			);
			runOnlyForDeploymentPostprocessing = 0;
		};
		DB1F20E41CF55F670000BE5E /* Resources */ = {
			isa = PBXResourcesBuildPhase;
			buildActionMask = 2147483647;
			files = (
			);
			runOnlyForDeploymentPostprocessing = 0;
		};
		DB1F20EF1CF55F670000BE5E /* Resources */ = {
			isa = PBXResourcesBuildPhase;
			buildActionMask = 2147483647;
			files = (
			);
			runOnlyForDeploymentPostprocessing = 0;
		};
/* End PBXResourcesBuildPhase section */

/* Begin PBXShellScriptBuildPhase section */
		42B4BE61D8415740A056440D /* Embed Pods Frameworks */ = {
			isa = PBXShellScriptBuildPhase;
			buildActionMask = 2147483647;
			files = (
			);
			inputPaths = (
			);
			name = "Embed Pods Frameworks";
			outputPaths = (
			);
			runOnlyForDeploymentPostprocessing = 0;
			shellPath = /bin/sh;
			shellScript = "\"${SRCROOT}/Pods/Target Support Files/Pods-LoginTemplate/Pods-LoginTemplate-frameworks.sh\"\n";
			showEnvVarsInLog = 0;
		};
		92928B37BDE419F77840E0E9 /* Check Pods Manifest.lock */ = {
			isa = PBXShellScriptBuildPhase;
			buildActionMask = 2147483647;
			files = (
			);
			inputPaths = (
			);
			name = "Check Pods Manifest.lock";
			outputPaths = (
			);
			runOnlyForDeploymentPostprocessing = 0;
			shellPath = /bin/sh;
			shellScript = "diff \"${PODS_ROOT}/../Podfile.lock\" \"${PODS_ROOT}/Manifest.lock\" > /dev/null\nif [[ $? != 0 ]] ; then\n    cat << EOM\nerror: The sandbox is not in sync with the Podfile.lock. Run 'pod install' or update your CocoaPods installation.\nEOM\n    exit 1\nfi\n";
			showEnvVarsInLog = 0;
		};
		B0B0CE2545A4869876230A32 /* Copy Pods Resources */ = {
			isa = PBXShellScriptBuildPhase;
			buildActionMask = 2147483647;
			files = (
			);
			inputPaths = (
			);
			name = "Copy Pods Resources";
			outputPaths = (
			);
			runOnlyForDeploymentPostprocessing = 0;
			shellPath = /bin/sh;
			shellScript = "\"${SRCROOT}/Pods/Target Support Files/Pods-LoginTemplate/Pods-LoginTemplate-resources.sh\"\n";
			showEnvVarsInLog = 0;
		};
/* End PBXShellScriptBuildPhase section */

/* Begin PBXSourcesBuildPhase section */
		DB1F20CE1CF55F670000BE5E /* Sources */ = {
			isa = PBXSourcesBuildPhase;
			buildActionMask = 2147483647;
			files = (
				DB4612D61D19371400A0CAAA /* KeyboardHandler.swift in Sources */,
				DB1F20D81CF55F670000BE5E /* ViewController.swift in Sources */,
				DB1F20D61CF55F670000BE5E /* AppDelegate.swift in Sources */,
			);
			runOnlyForDeploymentPostprocessing = 0;
		};
		DB1F20E21CF55F670000BE5E /* Sources */ = {
			isa = PBXSourcesBuildPhase;
			buildActionMask = 2147483647;
			files = (
				DB1F20EB1CF55F670000BE5E /* LoginTemplateTests.swift in Sources */,
			);
			runOnlyForDeploymentPostprocessing = 0;
		};
		DB1F20ED1CF55F670000BE5E /* Sources */ = {
			isa = PBXSourcesBuildPhase;
			buildActionMask = 2147483647;
			files = (
				DB1F20F61CF55F670000BE5E /* LoginTemplateUITests.swift in Sources */,
			);
			runOnlyForDeploymentPostprocessing = 0;
		};
/* End PBXSourcesBuildPhase section */

/* Begin PBXTargetDependency section */
		DB1F20E81CF55F670000BE5E /* PBXTargetDependency */ = {
			isa = PBXTargetDependency;
			target = DB1F20D11CF55F670000BE5E /* LoginTemplate */;
			targetProxy = DB1F20E71CF55F670000BE5E /* PBXContainerItemProxy */;
		};
		DB1F20F31CF55F670000BE5E /* PBXTargetDependency */ = {
			isa = PBXTargetDependency;
			target = DB1F20D11CF55F670000BE5E /* LoginTemplate */;
			targetProxy = DB1F20F21CF55F670000BE5E /* PBXContainerItemProxy */;
		};
/* End PBXTargetDependency section */

/* Begin PBXVariantGroup section */
		DB1F20D91CF55F670000BE5E /* Main.storyboard */ = {
			isa = PBXVariantGroup;
			children = (
				DB1F20DA1CF55F670000BE5E /* Base */,
			);
			name = Main.storyboard;
			sourceTree = "<group>";
		};
		DB1F20DE1CF55F670000BE5E /* LaunchScreen.storyboard */ = {
			isa = PBXVariantGroup;
			children = (
				DB1F20DF1CF55F670000BE5E /* Base */,
			);
			name = LaunchScreen.storyboard;
			sourceTree = "<group>";
		};
/* End PBXVariantGroup section */

/* Begin XCBuildConfiguration section */
		DB1F20F81CF55F670000BE5E /* Debug */ = {
			isa = XCBuildConfiguration;
			buildSettings = {
				ALWAYS_SEARCH_USER_PATHS = NO;
				CLANG_ANALYZER_NONNULL = YES;
				CLANG_CXX_LANGUAGE_STANDARD = "gnu++0x";
				CLANG_CXX_LIBRARY = "libc++";
				CLANG_ENABLE_MODULES = YES;
				CLANG_ENABLE_OBJC_ARC = YES;
				CLANG_WARN_BOOL_CONVERSION = YES;
				CLANG_WARN_CONSTANT_CONVERSION = YES;
				CLANG_WARN_DIRECT_OBJC_ISA_USAGE = YES_ERROR;
				CLANG_WARN_EMPTY_BODY = YES;
				CLANG_WARN_ENUM_CONVERSION = YES;
				CLANG_WARN_INT_CONVERSION = YES;
				CLANG_WARN_OBJC_ROOT_CLASS = YES_ERROR;
				CLANG_WARN_UNREACHABLE_CODE = YES;
				CLANG_WARN__DUPLICATE_METHOD_MATCH = YES;
				"CODE_SIGN_IDENTITY[sdk=iphoneos*]" = "iPhone Developer";
				COPY_PHASE_STRIP = NO;
				DEBUG_INFORMATION_FORMAT = dwarf;
				ENABLE_STRICT_OBJC_MSGSEND = YES;
				ENABLE_TESTABILITY = YES;
				GCC_C_LANGUAGE_STANDARD = gnu99;
				GCC_DYNAMIC_NO_PIC = NO;
				GCC_NO_COMMON_BLOCKS = YES;
				GCC_OPTIMIZATION_LEVEL = 0;
				GCC_PREPROCESSOR_DEFINITIONS = (
					"DEBUG=1",
					"$(inherited)",
				);
				GCC_WARN_64_TO_32_BIT_CONVERSION = YES;
				GCC_WARN_ABOUT_RETURN_TYPE = YES_ERROR;
				GCC_WARN_UNDECLARED_SELECTOR = YES;
				GCC_WARN_UNINITIALIZED_AUTOS = YES_AGGRESSIVE;
				GCC_WARN_UNUSED_FUNCTION = YES;
				GCC_WARN_UNUSED_VARIABLE = YES;
				IPHONEOS_DEPLOYMENT_TARGET = 9.3;
				MTL_ENABLE_DEBUG_INFO = YES;
				ONLY_ACTIVE_ARCH = YES;
				SDKROOT = iphoneos;
				SWIFT_OPTIMIZATION_LEVEL = "-Onone";
				TARGETED_DEVICE_FAMILY = "1,2";
			};
			name = Debug;
		};
		DB1F20F91CF55F670000BE5E /* Release */ = {
			isa = XCBuildConfiguration;
			buildSettings = {
				ALWAYS_SEARCH_USER_PATHS = NO;
				CLANG_ANALYZER_NONNULL = YES;
				CLANG_CXX_LANGUAGE_STANDARD = "gnu++0x";
				CLANG_CXX_LIBRARY = "libc++";
				CLANG_ENABLE_MODULES = YES;
				CLANG_ENABLE_OBJC_ARC = YES;
				CLANG_WARN_BOOL_CONVERSION = YES;
				CLANG_WARN_CONSTANT_CONVERSION = YES;
				CLANG_WARN_DIRECT_OBJC_ISA_USAGE = YES_ERROR;
				CLANG_WARN_EMPTY_BODY = YES;
				CLANG_WARN_ENUM_CONVERSION = YES;
				CLANG_WARN_INT_CONVERSION = YES;
				CLANG_WARN_OBJC_ROOT_CLASS = YES_ERROR;
				CLANG_WARN_UNREACHABLE_CODE = YES;
				CLANG_WARN__DUPLICATE_METHOD_MATCH = YES;
				"CODE_SIGN_IDENTITY[sdk=iphoneos*]" = "iPhone Developer";
				COPY_PHASE_STRIP = NO;
				DEBUG_INFORMATION_FORMAT = "dwarf-with-dsym";
				ENABLE_NS_ASSERTIONS = NO;
				ENABLE_STRICT_OBJC_MSGSEND = YES;
				GCC_C_LANGUAGE_STANDARD = gnu99;
				GCC_NO_COMMON_BLOCKS = YES;
				GCC_WARN_64_TO_32_BIT_CONVERSION = YES;
				GCC_WARN_ABOUT_RETURN_TYPE = YES_ERROR;
				GCC_WARN_UNDECLARED_SELECTOR = YES;
				GCC_WARN_UNINITIALIZED_AUTOS = YES_AGGRESSIVE;
				GCC_WARN_UNUSED_FUNCTION = YES;
				GCC_WARN_UNUSED_VARIABLE = YES;
				IPHONEOS_DEPLOYMENT_TARGET = 9.3;
				MTL_ENABLE_DEBUG_INFO = NO;
				SDKROOT = iphoneos;
				TARGETED_DEVICE_FAMILY = "1,2";
				VALIDATE_PRODUCT = YES;
			};
			name = Release;
		};
		DB1F20FB1CF55F670000BE5E /* Debug */ = {
			isa = XCBuildConfiguration;
			baseConfigurationReference = A83ED739B90973DC19E1BDA0 /* Pods-LoginTemplate.debug.xcconfig */;
			buildSettings = {
				ASSETCATALOG_COMPILER_APPICON_NAME = AppIcon;
				INFOPLIST_FILE = LoginTemplate/Info.plist;
				LD_RUNPATH_SEARCH_PATHS = "$(inherited) @executable_path/Frameworks";
				PRODUCT_BUNDLE_IDENTIFIER = com.above.LoginTemplate;
				PRODUCT_NAME = "$(TARGET_NAME)";
			};
			name = Debug;
		};
		DB1F20FC1CF55F670000BE5E /* Release */ = {
			isa = XCBuildConfiguration;
			baseConfigurationReference = 45D3597C7ADFF43D3BAC6CB7 /* Pods-LoginTemplate.release.xcconfig */;
			buildSettings = {
				ASSETCATALOG_COMPILER_APPICON_NAME = AppIcon;
				INFOPLIST_FILE = LoginTemplate/Info.plist;
				LD_RUNPATH_SEARCH_PATHS = "$(inherited) @executable_path/Frameworks";
				PRODUCT_BUNDLE_IDENTIFIER = com.above.LoginTemplate;
				PRODUCT_NAME = "$(TARGET_NAME)";
			};
			name = Release;
		};
		DB1F20FE1CF55F670000BE5E /* Debug */ = {
			isa = XCBuildConfiguration;
			buildSettings = {
				BUNDLE_LOADER = "$(TEST_HOST)";
				INFOPLIST_FILE = LoginTemplateTests/Info.plist;
				LD_RUNPATH_SEARCH_PATHS = "$(inherited) @executable_path/Frameworks @loader_path/Frameworks";
				PRODUCT_BUNDLE_IDENTIFIER = com.above.LoginTemplateTests;
				PRODUCT_NAME = "$(TARGET_NAME)";
				TEST_HOST = "$(BUILT_PRODUCTS_DIR)/LoginTemplate.app/LoginTemplate";
			};
			name = Debug;
		};
		DB1F20FF1CF55F670000BE5E /* Release */ = {
			isa = XCBuildConfiguration;
			buildSettings = {
				BUNDLE_LOADER = "$(TEST_HOST)";
				INFOPLIST_FILE = LoginTemplateTests/Info.plist;
				LD_RUNPATH_SEARCH_PATHS = "$(inherited) @executable_path/Frameworks @loader_path/Frameworks";
				PRODUCT_BUNDLE_IDENTIFIER = com.above.LoginTemplateTests;
				PRODUCT_NAME = "$(TARGET_NAME)";
				TEST_HOST = "$(BUILT_PRODUCTS_DIR)/LoginTemplate.app/LoginTemplate";
			};
			name = Release;
		};
		DB1F21011CF55F670000BE5E /* Debug */ = {
			isa = XCBuildConfiguration;
			buildSettings = {
				INFOPLIST_FILE = LoginTemplateUITests/Info.plist;
				LD_RUNPATH_SEARCH_PATHS = "$(inherited) @executable_path/Frameworks @loader_path/Frameworks";
				PRODUCT_BUNDLE_IDENTIFIER = com.above.LoginTemplateUITests;
				PRODUCT_NAME = "$(TARGET_NAME)";
				TEST_TARGET_NAME = LoginTemplate;
			};
			name = Debug;
		};
		DB1F21021CF55F670000BE5E /* Release */ = {
			isa = XCBuildConfiguration;
			buildSettings = {
				INFOPLIST_FILE = LoginTemplateUITests/Info.plist;
				LD_RUNPATH_SEARCH_PATHS = "$(inherited) @executable_path/Frameworks @loader_path/Frameworks";
				PRODUCT_BUNDLE_IDENTIFIER = com.above.LoginTemplateUITests;
				PRODUCT_NAME = "$(TARGET_NAME)";
				TEST_TARGET_NAME = LoginTemplate;
			};
			name = Release;
		};
/* End XCBuildConfiguration section */

/* Begin XCConfigurationList section */
		DB1F20CD1CF55F670000BE5E /* Build configuration list for PBXProject "LoginTemplate" */ = {
			isa = XCConfigurationList;
			buildConfigurations = (
				DB1F20F81CF55F670000BE5E /* Debug */,
				DB1F20F91CF55F670000BE5E /* Release */,
			);
			defaultConfigurationIsVisible = 0;
			defaultConfigurationName = Release;
		};
		DB1F20FA1CF55F670000BE5E /* Build configuration list for PBXNativeTarget "LoginTemplate" */ = {
			isa = XCConfigurationList;
			buildConfigurations = (
				DB1F20FB1CF55F670000BE5E /* Debug */,
				DB1F20FC1CF55F670000BE5E /* Release */,
			);
			defaultConfigurationIsVisible = 0;
			defaultConfigurationName = Release;
		};
		DB1F20FD1CF55F670000BE5E /* Build configuration list for PBXNativeTarget "LoginTemplateTests" */ = {
			isa = XCConfigurationList;
			buildConfigurations = (
				DB1F20FE1CF55F670000BE5E /* Debug */,
				DB1F20FF1CF55F670000BE5E /* Release */,
			);
			defaultConfigurationIsVisible = 0;
			defaultConfigurationName = Release;
		};
		DB1F21001CF55F670000BE5E /* Build configuration list for PBXNativeTarget "LoginTemplateUITests" */ = {
			isa = XCConfigurationList;
			buildConfigurations = (
				DB1F21011CF55F670000BE5E /* Debug */,
				DB1F21021CF55F670000BE5E /* Release */,
			);
			defaultConfigurationIsVisible = 0;
			defaultConfigurationName = Release;
		};
/* End XCConfigurationList section */
	};
	rootObject = DB1F20CA1CF55F670000BE5E /* Project object */;
}
